<?xml version="1.0" encoding="utf-8"?>
<Project ToolsVersion="4.0" xmlns="http://schemas.microsoft.com/developer/msbuild/2003">
  <ItemGroup>
    <Filter Include="소스 파일">
      <UniqueIdentifier>{4FC737F1-C7A5-4376-A066-2A32D752A2FF}</UniqueIdentifier>
      <Extensions>cpp;c;cc;cxx;c++;cppm;ixx;def;odl;idl;hpj;bat;asm;asmx</Extensions>
    </Filter>
    <Filter Include="리소스 파일">
      <UniqueIdentifier>{67DA6AB6-F800-4c08-8B7A-83BB121AAD01}</UniqueIdentifier>
      <Extensions>rc;ico;cur;bmp;dlg;rc2;rct;bin;rgs;gif;jpg;jpeg;jpe;resx;tiff;tif;png;wav;mfcribbon-ms</Extensions>
    </Filter>
    <Filter Include="소스 파일\99. Headers">
      <UniqueIdentifier>{da7cb1c9-fff9-4570-8edb-23f2756becc8}</UniqueIdentifier>
    </Filter>
    <Filter Include="소스 파일\01. Main">
      <UniqueIdentifier>{e9a29035-4e60-44d8-8d7d-f94e644308a5}</UniqueIdentifier>
    </Filter>
    <Filter Include="소스 파일\99. Headers\Andromeda">
      <UniqueIdentifier>{4c6aa9c9-6aa3-4340-8ae1-79cb255dac9a}</UniqueIdentifier>
    </Filter>
    <Filter Include="소스 파일\98. Shaders">
      <UniqueIdentifier>{4afe3c5a-0bfe-42fe-a34d-842d23cca520}</UniqueIdentifier>
    </Filter>
  </ItemGroup>
  <ItemGroup>
    <ClInclude Include="DFramWork.h">
      <Filter>소스 파일\01. Main</Filter>
    </ClInclude>
    <ClInclude Include="framework.h">
      <Filter>소스 파일\99. Headers\Andromeda</Filter>
    </ClInclude>
    <ClInclude Include="Resource.h">
      <Filter>소스 파일\99. Headers\Andromeda</Filter>
    </ClInclude>
    <ClInclude Include="targetver.h">
      <Filter>소스 파일\99. Headers\Andromeda</Filter>
    </ClInclude>
    <ClInclude Include="pch.h">
      <Filter>소스 파일\99. Headers</Filter>
    </ClInclude>
    <ClInclude Include="Types.h">
      <Filter>소스 파일\99. Headers</Filter>
    </ClInclude>
    <ClInclude Include="Struct.h">
      <Filter>소스 파일\99. Headers</Filter>
    </ClInclude>
    <ClInclude Include="Values.h">
      <Filter>소스 파일\99. Headers</Filter>
    </ClInclude>
    <ClInclude Include="Game.h">
      <Filter>소스 파일\01. Main</Filter>
    </ClInclude>
  </ItemGroup>
  <ItemGroup>
    <ResourceCompile Include="DFramWork.rc">
      <Filter>리소스 파일</Filter>
    </ResourceCompile>
  </ItemGroup>
  <ItemGroup>
    <Image Include="small.ico">
      <Filter>리소스 파일</Filter>
    </Image>
    <Image Include="DFramWork.ico">
      <Filter>리소스 파일</Filter>
    </Image>
  </ItemGroup>
  <ItemGroup>
    <ClCompile Include="DFramWork.cpp">
      <Filter>소스 파일\01. Main</Filter>
    </ClCompile>
    <ClCompile Include="pch.cpp">
      <Filter>소스 파일\99. Headers</Filter>
    </ClCompile>
    <ClCompile Include="Game.cpp">
      <Filter>소스 파일\01. Main</Filter>
    </ClCompile>
  </ItemGroup>
  <ItemGroup>
    <FxCompile Include="Default.hlsl">
      <Filter>소스 파일\98. Shaders</Filter>
    </FxCompile>
  </ItemGroup>
</Project>